<?xml version="1.0" encoding="utf-8"?>
<Project ToolsVersion="4.0" xmlns="http://schemas.microsoft.com/developer/msbuild/2003">
  <ItemGroup>
    <ClCompile Include="Code\Camera.cpp" />
    <ClCompile Include="Code\Entity.cpp" />
    <ClCompile Include="Code\KeyboardListener.cpp" />
    <ClCompile Include="Code\InputManager.cpp" />
    <ClCompile Include="Code\Kernel.cpp" />
    <ClCompile Include="Code\Keyboard.cpp" />
    <ClCompile Include="Code\Logger.cpp" />
    <ClCompile Include="Code\Model.cpp" />
    <ClCompile Include="Code\Mouse.cpp" />
    <ClCompile Include="Code\MouseListener.cpp" />
    <ClCompile Include="Code\Resource.cpp" />
    <ClCompile Include="Code\ResourceManager.cpp" />
    <ClCompile Include="Code\Scene.cpp" />
    <ClCompile Include="Code\SceneManager.cpp" />
    <ClCompile Include="Code\Skybox.cpp" />
    <ClCompile Include="Code\Window.cpp" />
    <ClCompile Include="Code\WindowManager.cpp" />
    <ClCompile Include="Code\DirectXWindow.cpp" />
    <ClCompile Include="Code\Renderer.cpp" />
    <ClCompile Include="Code\DirectXRenderer.cpp" />
    <ClCompile Include="Code\Joystick.cpp" />
    <ClCompile Include="Code\JoystickListener.cpp" />
    <ClCompile Include="Code\Terrain.cpp" />
    <ClCompile Include="Code\BMPresource.cpp" />
    <ClCompile Include="Code\XResource.cpp" />
    <ClCompile Include="Code\TextureResource.cpp" />
  </ItemGroup>
  <ItemGroup>
    <ClInclude Include="Code\Camera.h" />
    <ClInclude Include="Code\DirectXWindow.h" />
    <ClInclude Include="Code\Entity.h" />
    <ClInclude Include="Code\Kernel.h" />
    <ClInclude Include="Code\KeyboardListener.h" />
    <ClInclude Include="Code\InputManager.h" />
    <ClInclude Include="Code\Keyboard.h" />
    <ClInclude Include="Code\Logger.h" />
    <ClInclude Include="Code\Model.h" />
    <ClInclude Include="Code\Mouse.h" />
    <ClInclude Include="Code\MouseListener.h" />
    <ClInclude Include="Code\Resource.h" />
    <ClInclude Include="Code\ResourceManager.h" />
    <ClInclude Include="Code\Scene.h" />
    <ClInclude Include="Code\SceneManager.h" />
    <ClInclude Include="Code\Skybox.h" />
    <ClInclude Include="Code\Window.h" />
    <ClInclude Include="Code\WindowManager.h" />
    <ClInclude Include="Code\DirectXRenderer.h" />
    <ClInclude Include="Code\Renderer.h" />
    <ClInclude Include="Code\Joystick.h" />
    <ClInclude Include="Code\JoystickListener.h" />
    <ClInclude Include="Code\Terrain.h" />
    <ClInclude Include="Code\BMPresource.h" />
    <ClInclude Include="Code\XResource.h" />
    <ClInclude Include="Code\TextureResource.h" />
    <ClInclude Include="Code\Defines.h" />
  </ItemGroup>
</Project>